Microsoft Visual Studio Solution File, Format Version 11.00
# Visual Studio 2008

Project("{074C76AA-067F-930C-C079-431AC93BCDD8}") = "Riding Away", "Assembly-CSharp.csproj", "{C765EDD7-18E3-E3B6-953F-83D9143076E9}"
EndProject
Global
	GlobalSection(SolutionConfigurationPlatforms) = preSolution
		Debug|Any CPU = Debug|Any CPU
		Release|Any CPU = Release|Any CPU
	EndGlobalSection
	GlobalSection(ProjectConfigurationPlatforms) = postSolution
		{C765EDD7-18E3-E3B6-953F-83D9143076E9}.Debug|Any CPU.ActiveCfg = Debug|Any CPU
		{C765EDD7-18E3-E3B6-953F-83D9143076E9}.Debug|Any CPU.Build.0 = Debug|Any CPU
		{C765EDD7-18E3-E3B6-953F-83D9143076E9}.Release|Any CPU.ActiveCfg = Release|Any CPU
		{C765EDD7-18E3-E3B6-953F-83D9143076E9}.Release|Any CPU.Build.0 = Release|Any CPU
	EndGlobalSection
	GlobalSection(SolutionProperties) = preSolution
		HideSolutionNode = FALSE
	EndGlobalSection
	GlobalSection(MonoDevelopProperties) = preSolution
		StartupItem = Assembly-CSharp.csproj
	EndGlobalSection
EndGlobal
